// !$*UTF8*$!
{
	archiveVersion = 1;
	classes = {
	};
	objectVersion = 48;
	objects = {

/* Begin PBXBuildFile section */
		257E270EE30EA9D3173326A0 /* Pods_OTPView.framework in Frameworks */ = {isa = PBXBuildFile; fileRef = 0B8711D8814970670E362B8C /* Pods_OTPView.framework */; };
		9598D9C31FA5E33300F4CC0C /* AppDelegate.swift in Sources */ = {isa = PBXBuildFile; fileRef = 9598D9C21FA5E33300F4CC0C /* AppDelegate.swift */; };
		9598D9C51FA5E33300F4CC0C /* ViewController.swift in Sources */ = {isa = PBXBuildFile; fileRef = 9598D9C41FA5E33300F4CC0C /* ViewController.swift */; };
		9598D9C81FA5E33300F4CC0C /* Main.storyboard in Resources */ = {isa = PBXBuildFile; fileRef = 9598D9C61FA5E33300F4CC0C /* Main.storyboard */; };
		9598D9CA1FA5E33300F4CC0C /* Assets.xcassets in Resources */ = {isa = PBXBuildFile; fileRef = 9598D9C91FA5E33300F4CC0C /* Assets.xcassets */; };
		9598D9CD1FA5E33300F4CC0C /* LaunchScreen.storyboard in Resources */ = {isa = PBXBuildFile; fileRef = 9598D9CB1FA5E33300F4CC0C /* LaunchScreen.storyboard */; };
		9598D9D51FA5E35900F4CC0C /* OTPView.swift in Sources */ = {isa = PBXBuildFile; fileRef = 9598D9D41FA5E35900F4CC0C /* OTPView.swift */; };
/* End PBXBuildFile section */

/* Begin PBXFileReference section */
		0B8711D8814970670E362B8C /* Pods_OTPView.framework */ = {isa = PBXFileReference; explicitFileType = wrapper.framework; includeInIndex = 0; path = Pods_OTPView.framework; sourceTree = BUILT_PRODUCTS_DIR; };
		2C73D34E86E8C000F62F3649 /* Pods-OTPView.release.xcconfig */ = {isa = PBXFileReference; includeInIndex = 1; lastKnownFileType = text.xcconfig; name = "Pods-OTPView.release.xcconfig"; path = "Pods/Target Support Files/Pods-OTPView/Pods-OTPView.release.xcconfig"; sourceTree = "<group>"; };
		9598D9BF1FA5E33300F4CC0C /* OTPView.app */ = {isa = PBXFileReference; explicitFileType = wrapper.application; includeInIndex = 0; path = OTPView.app; sourceTree = BUILT_PRODUCTS_DIR; };
		9598D9C21FA5E33300F4CC0C /* AppDelegate.swift */ = {isa = PBXFileReference; lastKnownFileType = sourcecode.swift; path = AppDelegate.swift; sourceTree = "<group>"; };
		9598D9C41FA5E33300F4CC0C /* ViewController.swift */ = {isa = PBXFileReference; lastKnownFileType = sourcecode.swift; path = ViewController.swift; sourceTree = "<group>"; };
		9598D9C71FA5E33300F4CC0C /* Base */ = {isa = PBXFileReference; lastKnownFileType = file.storyboard; name = Base; path = Base.lproj/Main.storyboard; sourceTree = "<group>"; };
		9598D9C91FA5E33300F4CC0C /* Assets.xcassets */ = {isa = PBXFileReference; lastKnownFileType = folder.assetcatalog; path = Assets.xcassets; sourceTree = "<group>"; };
		9598D9CC1FA5E33300F4CC0C /* Base */ = {isa = PBXFileReference; lastKnownFileType = file.storyboard; name = Base; path = Base.lproj/LaunchScreen.storyboard; sourceTree = "<group>"; };
		9598D9CE1FA5E33300F4CC0C /* Info.plist */ = {isa = PBXFileReference; lastKnownFileType = text.plist.xml; path = Info.plist; sourceTree = "<group>"; };
		9598D9D41FA5E35900F4CC0C /* OTPView.swift */ = {isa = PBXFileReference; lastKnownFileType = sourcecode.swift; path = OTPView.swift; sourceTree = "<group>"; };
		DC0095F7DDA6505F06FD4CEF /* Pods-OTPView.debug.xcconfig */ = {isa = PBXFileReference; includeInIndex = 1; lastKnownFileType = text.xcconfig; name = "Pods-OTPView.debug.xcconfig"; path = "Pods/Target Support Files/Pods-OTPView/Pods-OTPView.debug.xcconfig"; sourceTree = "<group>"; };
/* End PBXFileReference section */

/* Begin PBXFrameworksBuildPhase section */
		9598D9BC1FA5E33300F4CC0C /* Frameworks */ = {
			isa = PBXFrameworksBuildPhase;
			buildActionMask = 2147483647;
			files = (
				257E270EE30EA9D3173326A0 /* Pods_OTPView.framework in Frameworks */,
			);
			runOnlyForDeploymentPostprocessing = 0;
		};
/* End PBXFrameworksBuildPhase section */

/* Begin PBXGroup section */
		636602B8932060CF2187FFAB /* Pods */ = {
			isa = PBXGroup;
			children = (
				DC0095F7DDA6505F06FD4CEF /* Pods-OTPView.debug.xcconfig */,
				2C73D34E86E8C000F62F3649 /* Pods-OTPView.release.xcconfig */,
			);
			name = Pods;
			sourceTree = "<group>";
		};
		9598D9B61FA5E33300F4CC0C = {
			isa = PBXGroup;
			children = (
				9598D9C11FA5E33300F4CC0C /* OTPView */,
				9598D9C01FA5E33300F4CC0C /* Products */,
				636602B8932060CF2187FFAB /* Pods */,
				E7818C7BF344B9DBCE16F941 /* Frameworks */,
			);
			sourceTree = "<group>";
		};
		9598D9C01FA5E33300F4CC0C /* Products */ = {
			isa = PBXGroup;
			children = (
				9598D9BF1FA5E33300F4CC0C /* OTPView.app */,
			);
			name = Products;
			sourceTree = "<group>";
		};
		9598D9C11FA5E33300F4CC0C /* OTPView */ = {
			isa = PBXGroup;
			children = (
				9598D9C21FA5E33300F4CC0C /* AppDelegate.swift */,
				9598D9C41FA5E33300F4CC0C /* ViewController.swift */,
				9598D9D41FA5E35900F4CC0C /* OTPView.swift */,
				9598D9C61FA5E33300F4CC0C /* Main.storyboard */,
				9598D9C91FA5E33300F4CC0C /* Assets.xcassets */,
				9598D9CB1FA5E33300F4CC0C /* LaunchScreen.storyboard */,
				9598D9CE1FA5E33300F4CC0C /* Info.plist */,
			);
			path = OTPView;
			sourceTree = "<group>";
		};
		E7818C7BF344B9DBCE16F941 /* Frameworks */ = {
			isa = PBXGroup;
			children = (
				0B8711D8814970670E362B8C /* Pods_OTPView.framework */,
			);
			name = Frameworks;
			sourceTree = "<group>";
		};
/* End PBXGroup section */

/* Begin PBXNativeTarget section */
		9598D9BE1FA5E33300F4CC0C /* OTPView */ = {
			isa = PBXNativeTarget;
			buildConfigurationList = 9598D9D11FA5E33300F4CC0C /* Build configuration list for PBXNativeTarget "OTPView" */;
			buildPhases = (
				6887805781A3FA8CFB86634E /* [CP] Check Pods Manifest.lock */,
				9598D9BB1FA5E33300F4CC0C /* Sources */,
				9598D9BC1FA5E33300F4CC0C /* Frameworks */,
				9598D9BD1FA5E33300F4CC0C /* Resources */,
				0293869BE1369E292AD50319 /* [CP] Embed Pods Frameworks */,
				99791C2F0C501BDA10B79BCC /* [CP] Copy Pods Resources */,
			);
			buildRules = (
			);
			dependencies = (
			);
			name = OTPView;
			productName = OTPView;
			productReference = 9598D9BF1FA5E33300F4CC0C /* OTPView.app */;
			productType = "com.apple.product-type.application";
		};
/* End PBXNativeTarget section */

/* Begin PBXProject section */
		9598D9B71FA5E33300F4CC0C /* Project object */ = {
			isa = PBXProject;
			attributes = {
				LastSwiftUpdateCheck = 0900;
				LastUpgradeCheck = 0900;
				ORGANIZATIONNAME = "Innotical  Solutions ";
				TargetAttributes = {
					9598D9BE1FA5E33300F4CC0C = {
						CreatedOnToolsVersion = 9.0;
						ProvisioningStyle = Automatic;
					};
				};
			};
			buildConfigurationList = 9598D9BA1FA5E33300F4CC0C /* Build configuration list for PBXProject "OTPView" */;
			compatibilityVersion = "Xcode 8.0";
			developmentRegion = en;
			hasScannedForEncodings = 0;
			knownRegions = (
				en,
				Base,
			);
			mainGroup = 9598D9B61FA5E33300F4CC0C;
			productRefGroup = 9598D9C01FA5E33300F4CC0C /* Products */;
			projectDirPath = "";
			projectRoot = "";
			targets = (
				9598D9BE1FA5E33300F4CC0C /* OTPView */,
			);
		};
/* End PBXProject section */

/* Begin PBXResourcesBuildPhase section */
		9598D9BD1FA5E33300F4CC0C /* Resources */ = {
			isa = PBXResourcesBuildPhase;
			buildActionMask = 2147483647;
			files = (
				9598D9CD1FA5E33300F4CC0C /* LaunchScreen.storyboard in Resources */,
				9598D9CA1FA5E33300F4CC0C /* Assets.xcassets in Resources */,
				9598D9C81FA5E33300F4CC0C /* Main.storyboard in Resources */,
			);
			runOnlyForDeploymentPostprocessing = 0;
		};
/* End PBXResourcesBuildPhase section */

/* Begin PBXShellScriptBuildPhase section */
		0293869BE1369E292AD50319 /* [CP] Embed Pods Frameworks */ = {
			isa = PBXShellScriptBuildPhase;
			buildActionMask = 2147483647;
			files = (
			);
			inputPaths = (
			);
			name = "[CP] Embed Pods Frameworks";
			outputPaths = (
			);
			runOnlyForDeploymentPostprocessing = 0;
			shellPath = /bin/sh;
			shellScript = "\"${SRCROOT}/Pods/Target Support Files/Pods-OTPView/Pods-OTPView-frameworks.sh\"\n";
			showEnvVarsInLog = 0;
		};
		6887805781A3FA8CFB86634E /* [CP] Check Pods Manifest.lock */ = {
			isa = PBXShellScriptBuildPhase;
			buildActionMask = 2147483647;
			files = (
			);
			inputPaths = (
			);
			name = "[CP] Check Pods Manifest.lock";
			outputPaths = (
			);
			runOnlyForDeploymentPostprocessing = 0;
			shellPath = /bin/sh;
			shellScript = "diff \"${PODS_ROOT}/../Podfile.lock\" \"${PODS_ROOT}/Manifest.lock\" > /dev/null\nif [ $? != 0 ] ; then\n    # print error to STDERR\n    echo \"error: The sandbox is not in sync with the Podfile.lock. Run 'pod install' or update your CocoaPods installation.\" >&2\n    exit 1\nfi\n";
			showEnvVarsInLog = 0;
		};
		99791C2F0C501BDA10B79BCC /* [CP] Copy Pods Resources */ = {
			isa = PBXShellScriptBuildPhase;
			buildActionMask = 2147483647;
			files = (
			);
			inputPaths = (
			);
			name = "[CP] Copy Pods Resources";
			outputPaths = (
			);
			runOnlyForDeploymentPostprocessing = 0;
			shellPath = /bin/sh;
			shellScript = "\"${SRCROOT}/Pods/Target Support Files/Pods-OTPView/Pods-OTPView-resources.sh\"\n";
			showEnvVarsInLog = 0;
		};
/* End PBXShellScriptBuildPhase section */

/* Begin PBXSourcesBuildPhase section */
		9598D9BB1FA5E33300F4CC0C /* Sources */ = {
			isa = PBXSourcesBuildPhase;
			buildActionMask = 2147483647;
			files = (
				9598D9C51FA5E33300F4CC0C /* ViewController.swift in Sources */,
				9598D9C31FA5E33300F4CC0C /* AppDelegate.swift in Sources */,
				9598D9D51FA5E35900F4CC0C /* OTPView.swift in Sources */,
			);
			runOnlyForDeploymentPostprocessing = 0;
		};
/* End PBXSourcesBuildPhase section */

/* Begin PBXVariantGroup section */
		9598D9C61FA5E33300F4CC0C /* Main.storyboard */ = {
			isa = PBXVariantGroup;
			children = (
				9598D9C71FA5E33300F4CC0C /* Base */,
			);
			name = Main.storyboard;
			sourceTree = "<group>";
		};
		9598D9CB1FA5E33300F4CC0C /* LaunchScreen.storyboard */ = {
			isa = PBXVariantGroup;
			children = (
				9598D9CC1FA5E33300F4CC0C /* Base */,
			);
			name = LaunchScreen.storyboard;
			sourceTree = "<group>";
		};
/* End PBXVariantGroup section */

/* Begin XCBuildConfiguration section */
		9598D9CF1FA5E33300F4CC0C /* Debug */ = {
			isa = XCBuildConfiguration;
			buildSettings = {
				ALWAYS_SEARCH_USER_PATHS = NO;
				CLANG_ANALYZER_NONNULL = YES;
				CLANG_ANALYZER_NUMBER_OBJECT_CONVERSION = YES_AGGRESSIVE;
				CLANG_CXX_LANGUAGE_STANDARD = "gnu++14";
				CLANG_CXX_LIBRARY = "libc++";
				CLANG_ENABLE_MODULES = YES;
				CLANG_ENABLE_OBJC_ARC = YES;
				CLANG_WARN_BLOCK_CAPTURE_AUTORELEASING = YES;
				CLANG_WARN_BOOL_CONVERSION = YES;
				CLANG_WARN_COMMA = YES;
				CLANG_WARN_CONSTANT_CONVERSION = YES;
				CLANG_WARN_DIRECT_OBJC_ISA_USAGE = YES_ERROR;
				CLANG_WARN_DOCUMENTATION_COMMENTS = YES;
				CLANG_WARN_EMPTY_BODY = YES;
				CLANG_WARN_ENUM_CONVERSION = YES;
				CLANG_WARN_INFINITE_RECURSION = YES;
				CLANG_WARN_INT_CONVERSION = YES;
				CLANG_WARN_NON_LITERAL_NULL_CONVERSION = YES;
				CLANG_WARN_OBJC_LITERAL_CONVERSION = YES;
				CLANG_WARN_OBJC_ROOT_CLASS = YES_ERROR;
				CLANG_WARN_RANGE_LOOP_ANALYSIS = YES;
				CLANG_WARN_STRICT_PROTOTYPES = YES;
				CLANG_WARN_SUSPICIOUS_MOVE = YES;
				CLANG_WARN_UNGUARDED_AVAILABILITY = YES_AGGRESSIVE;
				CLANG_WARN_UNREACHABLE_CODE = YES;
				CLANG_WARN__DUPLICATE_METHOD_MATCH = YES;
				CODE_SIGN_IDENTITY = "iPhone Developer";
				COPY_PHASE_STRIP = NO;
				DEBUG_INFORMATION_FORMAT = dwarf;
				ENABLE_STRICT_OBJC_MSGSEND = YES;
				ENABLE_TESTABILITY = YES;
				GCC_C_LANGUAGE_STANDARD = gnu11;
				GCC_DYNAMIC_NO_PIC = NO;
				GCC_NO_COMMON_BLOCKS = YES;
				GCC_OPTIMIZATION_LEVEL = 0;
				GCC_PREPROCESSOR_DEFINITIONS = (
					"DEBUG=1",
					"$(inherited)",
				);
				GCC_WARN_64_TO_32_BIT_CONVERSION = YES;
				GCC_WARN_ABOUT_RETURN_TYPE = YES_ERROR;
				GCC_WARN_UNDECLARED_SELECTOR = YES;
				GCC_WARN_UNINITIALIZED_AUTOS = YES_AGGRESSIVE;
				GCC_WARN_UNUSED_FUNCTION = YES;
				GCC_WARN_UNUSED_VARIABLE = YES;
				IPHONEOS_DEPLOYMENT_TARGET = 11.0;
				MTL_ENABLE_DEBUG_INFO = YES;
				ONLY_ACTIVE_ARCH = YES;
				SDKROOT = iphoneos;
				SWIFT_ACTIVE_COMPILATION_CONDITIONS = DEBUG;
				SWIFT_OPTIMIZATION_LEVEL = "-Onone";
			};
			name = Debug;
		};
		9598D9D01FA5E33300F4CC0C /* Release */ = {
			isa = XCBuildConfiguration;
			buildSettings = {
				ALWAYS_SEARCH_USER_PATHS = NO;
				CLANG_ANALYZER_NONNULL = YES;
				CLANG_ANALYZER_NUMBER_OBJECT_CONVERSION = YES_AGGRESSIVE;
				CLANG_CXX_LANGUAGE_STANDARD = "gnu++14";
				CLANG_CXX_LIBRARY = "libc++";
				CLANG_ENABLE_MODULES = YES;
				CLANG_ENABLE_OBJC_ARC = YES;
				CLANG_WARN_BLOCK_CAPTURE_AUTORELEASING = YES;
				CLANG_WARN_BOOL_CONVERSION = YES;
				CLANG_WARN_COMMA = YES;
				CLANG_WARN_CONSTANT_CONVERSION = YES;
				CLANG_WARN_DIRECT_OBJC_ISA_USAGE = YES_ERROR;
				CLANG_WARN_DOCUMENTATION_COMMENTS = YES;
				CLANG_WARN_EMPTY_BODY = YES;
				CLANG_WARN_ENUM_CONVERSION = YES;
				CLANG_WARN_INFINITE_RECURSION = YES;
				CLANG_WARN_INT_CONVERSION = YES;
				CLANG_WARN_NON_LITERAL_NULL_CONVERSION = YES;
				CLANG_WARN_OBJC_LITERAL_CONVERSION = YES;
				CLANG_WARN_OBJC_ROOT_CLASS = YES_ERROR;
				CLANG_WARN_RANGE_LOOP_ANALYSIS = YES;
				CLANG_WARN_STRICT_PROTOTYPES = YES;
				CLANG_WARN_SUSPICIOUS_MOVE = YES;
				CLANG_WARN_UNGUARDED_AVAILABILITY = YES_AGGRESSIVE;
				CLANG_WARN_UNREACHABLE_CODE = YES;
				CLANG_WARN__DUPLICATE_METHOD_MATCH = YES;
				CODE_SIGN_IDENTITY = "iPhone Developer";
				COPY_PHASE_STRIP = NO;
				DEBUG_INFORMATION_FORMAT = "dwarf-with-dsym";
				ENABLE_NS_ASSERTIONS = NO;
				ENABLE_STRICT_OBJC_MSGSEND = YES;
				GCC_C_LANGUAGE_STANDARD = gnu11;
				GCC_NO_COMMON_BLOCKS = YES;
				GCC_WARN_64_TO_32_BIT_CONVERSION = YES;
				GCC_WARN_ABOUT_RETURN_TYPE = YES_ERROR;
				GCC_WARN_UNDECLARED_SELECTOR = YES;
				GCC_WARN_UNINITIALIZED_AUTOS = YES_AGGRESSIVE;
				GCC_WARN_UNUSED_FUNCTION = YES;
				GCC_WARN_UNUSED_VARIABLE = YES;
				IPHONEOS_DEPLOYMENT_TARGET = 11.0;
				MTL_ENABLE_DEBUG_INFO = NO;
				SDKROOT = iphoneos;
				SWIFT_OPTIMIZATION_LEVEL = "-Owholemodule";
				VALIDATE_PRODUCT = YES;
			};
			name = Release;
		};
		9598D9D21FA5E33300F4CC0C /* Debug */ = {
			isa = XCBuildConfiguration;
			baseConfigurationReference = DC0095F7DDA6505F06FD4CEF /* Pods-OTPView.debug.xcconfig */;
			buildSettings = {
				ASSETCATALOG_COMPILER_APPICON_NAME = AppIcon;
				CODE_SIGN_STYLE = Automatic;
				DEVELOPMENT_TEAM = 4RCKDZVQ59;
				INFOPLIST_FILE = OTPView/Info.plist;
				LD_RUNPATH_SEARCH_PATHS = "$(inherited) @executable_path/Frameworks";
				PRODUCT_BUNDLE_IDENTIFIER = com.OTPView;
				PRODUCT_NAME = "$(TARGET_NAME)";
				SWIFT_VERSION = 4.0;
				TARGETED_DEVICE_FAMILY = "1,2";
			};
			name = Debug;
		};
		9598D9D31FA5E33300F4CC0C /* Release */ = {
			isa = XCBuildConfiguration;
			baseConfigurationReference = 2C73D34E86E8C000F62F3649 /* Pods-OTPView.release.xcconfig */;
			buildSettings = {
				ASSETCATALOG_COMPILER_APPICON_NAME = AppIcon;
				CODE_SIGN_STYLE = Automatic;
				DEVELOPMENT_TEAM = 4RCKDZVQ59;
				INFOPLIST_FILE = OTPView/Info.plist;
				LD_RUNPATH_SEARCH_PATHS = "$(inherited) @executable_path/Frameworks";
				PRODUCT_BUNDLE_IDENTIFIER = com.OTPView;
				PRODUCT_NAME = "$(TARGET_NAME)";
				SWIFT_VERSION = 4.0;
				TARGETED_DEVICE_FAMILY = "1,2";
			};
			name = Release;
		};
/* End XCBuildConfiguration section */

/* Begin XCConfigurationList section */
		9598D9BA1FA5E33300F4CC0C /* Build configuration list for PBXProject "OTPView" */ = {
			isa = XCConfigurationList;
			buildConfigurations = (
				9598D9CF1FA5E33300F4CC0C /* Debug */,
				9598D9D01FA5E33300F4CC0C /* Release */,
			);
			defaultConfigurationIsVisible = 0;
			defaultConfigurationName = Release;
		};
		9598D9D11FA5E33300F4CC0C /* Build configuration list for PBXNativeTarget "OTPView" */ = {
			isa = XCConfigurationList;
			buildConfigurations = (
				9598D9D21FA5E33300F4CC0C /* Debug */,
				9598D9D31FA5E33300F4CC0C /* Release */,
			);
			defaultConfigurationIsVisible = 0;
			defaultConfigurationName = Release;
		};
/* End XCConfigurationList section */
	};
	rootObject = 9598D9B71FA5E33300F4CC0C /* Project object */;
}
